// !$*UTF8*$!
{
	archiveVersion = 1;
	classes = {
	};
	objectVersion = 56;
	objects = {

/* Begin PBXBuildFile section */
		D03EB4C32AC2BCFC004DE5CD /* AppDelegate.swift in Sources */ = {isa = PBXBuildFile; fileRef = D03EB4C22AC2BCFC004DE5CD /* AppDelegate.swift */; };
		D03EB4C52AC2BCFC004DE5CD /* SceneDelegate.swift in Sources */ = {isa = PBXBuildFile; fileRef = D03EB4C42AC2BCFC004DE5CD /* SceneDelegate.swift */; };
		D03EB4C72AC2BCFC004DE5CD /* ViewController.swift in Sources */ = {isa = PBXBuildFile; fileRef = D03EB4C62AC2BCFC004DE5CD /* ViewController.swift */; };
		D03EB4CA2AC2BCFC004DE5CD /* Main.storyboard in Resources */ = {isa = PBXBuildFile; fileRef = D03EB4C82AC2BCFC004DE5CD /* Main.storyboard */; };
		D03EB4CD2AC2BCFC004DE5CD /* BlockApp.xcdatamodeld in Sources */ = {isa = PBXBuildFile; fileRef = D03EB4CB2AC2BCFC004DE5CD /* BlockApp.xcdatamodeld */; };
		D03EB4CF2AC2BCFD004DE5CD /* Assets.xcassets in Resources */ = {isa = PBXBuildFile; fileRef = D03EB4CE2AC2BCFD004DE5CD /* Assets.xcassets */; };
		D03EB4D22AC2BCFD004DE5CD /* LaunchScreen.storyboard in Resources */ = {isa = PBXBuildFile; fileRef = D03EB4D02AC2BCFD004DE5CD /* LaunchScreen.storyboard */; };
/* End PBXBuildFile section */

/* Begin PBXFileReference section */
		D03EB4BF2AC2BCFC004DE5CD /* BlockApp.app */ = {isa = PBXFileReference; explicitFileType = wrapper.application; includeInIndex = 0; path = BlockApp.app; sourceTree = BUILT_PRODUCTS_DIR; };
		D03EB4C22AC2BCFC004DE5CD /* AppDelegate.swift */ = {isa = PBXFileReference; lastKnownFileType = sourcecode.swift; path = AppDelegate.swift; sourceTree = "<group>"; };
		D03EB4C42AC2BCFC004DE5CD /* SceneDelegate.swift */ = {isa = PBXFileReference; lastKnownFileType = sourcecode.swift; path = SceneDelegate.swift; sourceTree = "<group>"; };
		D03EB4C62AC2BCFC004DE5CD /* ViewController.swift */ = {isa = PBXFileReference; lastKnownFileType = sourcecode.swift; path = ViewController.swift; sourceTree = "<group>"; };
		D03EB4C92AC2BCFC004DE5CD /* Base */ = {isa = PBXFileReference; lastKnownFileType = file.storyboard; name = Base; path = Base.lproj/Main.storyboard; sourceTree = "<group>"; };
		D03EB4CC2AC2BCFC004DE5CD /* BlockApp.xcdatamodel */ = {isa = PBXFileReference; lastKnownFileType = wrapper.xcdatamodel; path = BlockApp.xcdatamodel; sourceTree = "<group>"; };
		D03EB4CE2AC2BCFD004DE5CD /* Assets.xcassets */ = {isa = PBXFileReference; lastKnownFileType = folder.assetcatalog; path = Assets.xcassets; sourceTree = "<group>"; };
		D03EB4D12AC2BCFD004DE5CD /* Base */ = {isa = PBXFileReference; lastKnownFileType = file.storyboard; name = Base; path = Base.lproj/LaunchScreen.storyboard; sourceTree = "<group>"; };
		D03EB4D32AC2BCFD004DE5CD /* Info.plist */ = {isa = PBXFileReference; lastKnownFileType = text.plist.xml; path = Info.plist; sourceTree = "<group>"; };
/* End PBXFileReference section */

/* Begin PBXFrameworksBuildPhase section */
		D03EB4BC2AC2BCFC004DE5CD /* Frameworks */ = {
			isa = PBXFrameworksBuildPhase;
			buildActionMask = 2147483647;
			files = (
			);
			runOnlyForDeploymentPostprocessing = 0;
		};
/* End PBXFrameworksBuildPhase section */

/* Begin PBXGroup section */
		D03EB4B62AC2BCFC004DE5CD = {
			isa = PBXGroup;
			children = (
				D03EB4C12AC2BCFC004DE5CD /* BlockApp */,
				D03EB4C02AC2BCFC004DE5CD /* Products */,
			);
			sourceTree = "<group>";
		};
		D03EB4C02AC2BCFC004DE5CD /* Products */ = {
			isa = PBXGroup;
			children = (
				D03EB4BF2AC2BCFC004DE5CD /* BlockApp.app */,
			);
			name = Products;
			sourceTree = "<group>";
		};
		D03EB4C12AC2BCFC004DE5CD /* BlockApp */ = {
			isa = PBXGroup;
			children = (
				D03EB4C22AC2BCFC004DE5CD /* AppDelegate.swift */,
				D03EB4C42AC2BCFC004DE5CD /* SceneDelegate.swift */,
				D03EB4C62AC2BCFC004DE5CD /* ViewController.swift */,
				D03EB4C82AC2BCFC004DE5CD /* Main.storyboard */,
				D03EB4CE2AC2BCFD004DE5CD /* Assets.xcassets */,
				D03EB4D02AC2BCFD004DE5CD /* LaunchScreen.storyboard */,
				D03EB4D32AC2BCFD004DE5CD /* Info.plist */,
				D03EB4CB2AC2BCFC004DE5CD /* BlockApp.xcdatamodeld */,
			);
			path = BlockApp;
			sourceTree = "<group>";
		};
/* End PBXGroup section */

/* Begin PBXNativeTarget section */
		D03EB4BE2AC2BCFC004DE5CD /* BlockApp */ = {
			isa = PBXNativeTarget;
			buildConfigurationList = D03EB4D62AC2BCFD004DE5CD /* Build configuration list for PBXNativeTarget "BlockApp" */;
			buildPhases = (
				D03EB4BB2AC2BCFC004DE5CD /* Sources */,
				D03EB4BC2AC2BCFC004DE5CD /* Frameworks */,
				D03EB4BD2AC2BCFC004DE5CD /* Resources */,
			);
			buildRules = (
			);
			dependencies = (
			);
			name = BlockApp;
			productName = BlockApp;
			productReference = D03EB4BF2AC2BCFC004DE5CD /* BlockApp.app */;
			productType = "com.apple.product-type.application";
		};
/* End PBXNativeTarget section */

/* Begin PBXProject section */
		D03EB4B72AC2BCFC004DE5CD /* Project object */ = {
			isa = PBXProject;
			attributes = {
				BuildIndependentTargetsInParallel = 1;
				LastSwiftUpdateCheck = 1420;
				LastUpgradeCheck = 1420;
				TargetAttributes = {
					D03EB4BE2AC2BCFC004DE5CD = {
						CreatedOnToolsVersion = 14.2;
					};
				};
			};
			buildConfigurationList = D03EB4BA2AC2BCFC004DE5CD /* Build configuration list for PBXProject "BlockApp" */;
			compatibilityVersion = "Xcode 14.0";
			developmentRegion = en;
			hasScannedForEncodings = 0;
			knownRegions = (
				en,
				Base,
			);
			mainGroup = D03EB4B62AC2BCFC004DE5CD;
			productRefGroup = D03EB4C02AC2BCFC004DE5CD /* Products */;
			projectDirPath = "";
			projectRoot = "";
			targets = (
				D03EB4BE2AC2BCFC004DE5CD /* BlockApp */,
			);
		};
/* End PBXProject section */

/* Begin PBXResourcesBuildPhase section */
		D03EB4BD2AC2BCFC004DE5CD /* Resources */ = {
			isa = PBXResourcesBuildPhase;
			buildActionMask = 2147483647;
			files = (
				D03EB4D22AC2BCFD004DE5CD /* LaunchScreen.storyboard in Resources */,
				D03EB4CF2AC2BCFD004DE5CD /* Assets.xcassets in Resources */,
				D03EB4CA2AC2BCFC004DE5CD /* Main.storyboard in Resources */,
			);
			runOnlyForDeploymentPostprocessing = 0;
		};
/* End PBXResourcesBuildPhase section */

/* Begin PBXSourcesBuildPhase section */
		D03EB4BB2AC2BCFC004DE5CD /* Sources */ = {
			isa = PBXSourcesBuildPhase;
			buildActionMask = 2147483647;
			files = (
				D03EB4C72AC2BCFC004DE5CD /* ViewController.swift in Sources */,
				D03EB4CD2AC2BCFC004DE5CD /* BlockApp.xcdatamodeld in Sources */,
				D03EB4C32AC2BCFC004DE5CD /* AppDelegate.swift in Sources */,
				D03EB4C52AC2BCFC004DE5CD /* SceneDelegate.swift in Sources */,
			);
			runOnlyForDeploymentPostprocessing = 0;
		};
/* End PBXSourcesBuildPhase section */

/* Begin PBXVariantGroup section */
		D03EB4C82AC2BCFC004DE5CD /* Main.storyboard */ = {
			isa = PBXVariantGroup;
			children = (
				D03EB4C92AC2BCFC004DE5CD /* Base */,
			);
			name = Main.storyboard;
			sourceTree = "<group>";
		};
		D03EB4D02AC2BCFD004DE5CD /* LaunchScreen.storyboard */ = {
			isa = PBXVariantGroup;
			children = (
				D03EB4D12AC2BCFD004DE5CD /* Base */,
			);
			name = LaunchScreen.storyboard;
			sourceTree = "<group>";
		};
/* End PBXVariantGroup section */

/* Begin XCBuildConfiguration section */
		D03EB4D42AC2BCFD004DE5CD /* Debug */ = {
			isa = XCBuildConfiguration;
			buildSettings = {
				ALWAYS_SEARCH_USER_PATHS = NO;
				CLANG_ANALYZER_NONNULL = YES;
				CLANG_ANALYZER_NUMBER_OBJECT_CONVERSION = YES_AGGRESSIVE;
				CLANG_CXX_LANGUAGE_STANDARD = "gnu++20";
				CLANG_ENABLE_MODULES = YES;
				CLANG_ENABLE_OBJC_ARC = YES;
				CLANG_ENABLE_OBJC_WEAK = YES;
				CLANG_WARN_BLOCK_CAPTURE_AUTORELEASING = YES;
				CLANG_WARN_BOOL_CONVERSION = YES;
				CLANG_WARN_COMMA = YES;
				CLANG_WARN_CONSTANT_CONVERSION = YES;
				CLANG_WARN_DEPRECATED_OBJC_IMPLEMENTATIONS = YES;
				CLANG_WARN_DIRECT_OBJC_ISA_USAGE = YES_ERROR;
				CLANG_WARN_DOCUMENTATION_COMMENTS = YES;
				CLANG_WARN_EMPTY_BODY = YES;
				CLANG_WARN_ENUM_CONVERSION = YES;
				CLANG_WARN_INFINITE_RECURSION = YES;
				CLANG_WARN_INT_CONVERSION = YES;
				CLANG_WARN_NON_LITERAL_NULL_CONVERSION = YES;
				CLANG_WARN_OBJC_IMPLICIT_RETAIN_SELF = YES;
				CLANG_WARN_OBJC_LITERAL_CONVERSION = YES;
				CLANG_WARN_OBJC_ROOT_CLASS = YES_ERROR;
				CLANG_WARN_QUOTED_INCLUDE_IN_FRAMEWORK_HEADER = YES;
				CLANG_WARN_RANGE_LOOP_ANALYSIS = YES;
				CLANG_WARN_STRICT_PROTOTYPES = YES;
				CLANG_WARN_SUSPICIOUS_MOVE = YES;
				CLANG_WARN_UNGUARDED_AVAILABILITY = YES_AGGRESSIVE;
				CLANG_WARN_UNREACHABLE_CODE = YES;
				CLANG_WARN__DUPLICATE_METHOD_MATCH = YES;
				COPY_PHASE_STRIP = NO;
				DEBUG_INFORMATION_FORMAT = dwarf;
				ENABLE_STRICT_OBJC_MSGSEND = YES;
				ENABLE_TESTABILITY = YES;
				GCC_C_LANGUAGE_STANDARD = gnu11;
				GCC_DYNAMIC_NO_PIC = NO;
				GCC_NO_COMMON_BLOCKS = YES;
				GCC_OPTIMIZATION_LEVEL = 0;
				GCC_PREPROCESSOR_DEFINITIONS = (
					"DEBUG=1",
					"$(inherited)",
				);
				GCC_WARN_64_TO_32_BIT_CONVERSION = YES;
				GCC_WARN_ABOUT_RETURN_TYPE = YES_ERROR;
				GCC_WARN_UNDECLARED_SELECTOR = YES;
				GCC_WARN_UNINITIALIZED_AUTOS = YES_AGGRESSIVE;
				GCC_WARN_UNUSED_FUNCTION = YES;
				GCC_WARN_UNUSED_VARIABLE = YES;
				IPHONEOS_DEPLOYMENT_TARGET = 16.2;
				MTL_ENABLE_DEBUG_INFO = INCLUDE_SOURCE;
				MTL_FAST_MATH = YES;
				ONLY_ACTIVE_ARCH = YES;
				SDKROOT = iphoneos;
				SWIFT_ACTIVE_COMPILATION_CONDITIONS = DEBUG;
				SWIFT_OPTIMIZATION_LEVEL = "-Onone";
			};
			name = Debug;
		};
		D03EB4D52AC2BCFD004DE5CD /* Release */ = {
			isa = XCBuildConfiguration;
			buildSettings = {
				ALWAYS_SEARCH_USER_PATHS = NO;
				CLANG_ANALYZER_NONNULL = YES;
				CLANG_ANALYZER_NUMBER_OBJECT_CONVERSION = YES_AGGRESSIVE;
				CLANG_CXX_LANGUAGE_STANDARD = "gnu++20";
				CLANG_ENABLE_MODULES = YES;
				CLANG_ENABLE_OBJC_ARC = YES;
				CLANG_ENABLE_OBJC_WEAK = YES;
				CLANG_WARN_BLOCK_CAPTURE_AUTORELEASING = YES;
				CLANG_WARN_BOOL_CONVERSION = YES;
				CLANG_WARN_COMMA = YES;
				CLANG_WARN_CONSTANT_CONVERSION = YES;
				CLANG_WARN_DEPRECATED_OBJC_IMPLEMENTATIONS = YES;
				CLANG_WARN_DIRECT_OBJC_ISA_USAGE = YES_ERROR;
				CLANG_WARN_DOCUMENTATION_COMMENTS = YES;
				CLANG_WARN_EMPTY_BODY = YES;
				CLANG_WARN_ENUM_CONVERSION = YES;
				CLANG_WARN_INFINITE_RECURSION = YES;
				CLANG_WARN_INT_CONVERSION = YES;
				CLANG_WARN_NON_LITERAL_NULL_CONVERSION = YES;
				CLANG_WARN_OBJC_IMPLICIT_RETAIN_SELF = YES;
				CLANG_WARN_OBJC_LITERAL_CONVERSION = YES;
				CLANG_WARN_OBJC_ROOT_CLASS = YES_ERROR;
				CLANG_WARN_QUOTED_INCLUDE_IN_FRAMEWORK_HEADER = YES;
				CLANG_WARN_RANGE_LOOP_ANALYSIS = YES;
				CLANG_WARN_STRICT_PROTOTYPES = YES;
				CLANG_WARN_SUSPICIOUS_MOVE = YES;
				CLANG_WARN_UNGUARDED_AVAILABILITY = YES_AGGRESSIVE;
				CLANG_WARN_UNREACHABLE_CODE = YES;
				CLANG_WARN__DUPLICATE_METHOD_MATCH = YES;
				COPY_PHASE_STRIP = NO;
				DEBUG_INFORMATION_FORMAT = "dwarf-with-dsym";
				ENABLE_NS_ASSERTIONS = NO;
				ENABLE_STRICT_OBJC_MSGSEND = YES;
				GCC_C_LANGUAGE_STANDARD = gnu11;
				GCC_NO_COMMON_BLOCKS = YES;
				GCC_WARN_64_TO_32_BIT_CONVERSION = YES;
				GCC_WARN_ABOUT_RETURN_TYPE = YES_ERROR;
				GCC_WARN_UNDECLARED_SELECTOR = YES;
				GCC_WARN_UNINITIALIZED_AUTOS = YES_AGGRESSIVE;
				GCC_WARN_UNUSED_FUNCTION = YES;
				GCC_WARN_UNUSED_VARIABLE = YES;
				IPHONEOS_DEPLOYMENT_TARGET = 16.2;
				MTL_ENABLE_DEBUG_INFO = NO;
				MTL_FAST_MATH = YES;
				SDKROOT = iphoneos;
				SWIFT_COMPILATION_MODE = wholemodule;
				SWIFT_OPTIMIZATION_LEVEL = "-O";
				VALIDATE_PRODUCT = YES;
			};
			name = Release;
		};
		D03EB4D72AC2BCFD004DE5CD /* Debug */ = {
			isa = XCBuildConfiguration;
			buildSettings = {
				ASSETCATALOG_COMPILER_APPICON_NAME = AppIcon;
				ASSETCATALOG_COMPILER_GLOBAL_ACCENT_COLOR_NAME = AccentColor;
				CODE_SIGN_STYLE = Automatic;
				CURRENT_PROJECT_VERSION = 1;
				DEVELOPMENT_TEAM = 6UA6LYGY66;
				GENERATE_INFOPLIST_FILE = YES;
				INFOPLIST_FILE = BlockApp/Info.plist;
				INFOPLIST_KEY_UIApplicationSupportsIndirectInputEvents = YES;
				INFOPLIST_KEY_UILaunchStoryboardName = LaunchScreen;
				INFOPLIST_KEY_UIMainStoryboardFile = Main;
				INFOPLIST_KEY_UISupportedInterfaceOrientations_iPad = "UIInterfaceOrientationPortrait UIInterfaceOrientationPortraitUpsideDown UIInterfaceOrientationLandscapeLeft UIInterfaceOrientationLandscapeRight";
				INFOPLIST_KEY_UISupportedInterfaceOrientations_iPhone = "UIInterfaceOrientationPortrait UIInterfaceOrientationLandscapeLeft UIInterfaceOrientationLandscapeRight";
				LD_RUNPATH_SEARCH_PATHS = (
					"$(inherited)",
					"@executable_path/Frameworks",
				);
				MARKETING_VERSION = 1.0;
				PRODUCT_BUNDLE_IDENTIFIER = com.i1ya.app.BlockApp;
				PRODUCT_NAME = "$(TARGET_NAME)";
				SWIFT_EMIT_LOC_STRINGS = YES;
				SWIFT_VERSION = 5.0;
				TARGETED_DEVICE_FAMILY = "1,2";
			};
			name = Debug;
		};
		D03EB4D82AC2BCFD004DE5CD /* Release */ = {
			isa = XCBuildConfiguration;
			buildSettings = {
				ASSETCATALOG_COMPILER_APPICON_NAME = AppIcon;
				ASSETCATALOG_COMPILER_GLOBAL_ACCENT_COLOR_NAME = AccentColor;
				CODE_SIGN_STYLE = Automatic;
				CURRENT_PROJECT_VERSION = 1;
				DEVELOPMENT_TEAM = 6UA6LYGY66;
				GENERATE_INFOPLIST_FILE = YES;
				INFOPLIST_FILE = BlockApp/Info.plist;
				INFOPLIST_KEY_UIApplicationSupportsIndirectInputEvents = YES;
				INFOPLIST_KEY_UILaunchStoryboardName = LaunchScreen;
				INFOPLIST_KEY_UIMainStoryboardFile = Main;
				INFOPLIST_KEY_UISupportedInterfaceOrientations_iPad = "UIInterfaceOrientationPortrait UIInterfaceOrientationPortraitUpsideDown UIInterfaceOrientationLandscapeLeft UIInterfaceOrientationLandscapeRight";
				INFOPLIST_KEY_UISupportedInterfaceOrientations_iPhone = "UIInterfaceOrientationPortrait UIInterfaceOrientationLandscapeLeft UIInterfaceOrientationLandscapeRight";
				LD_RUNPATH_SEARCH_PATHS = (
					"$(inherited)",
					"@executable_path/Frameworks",
				);
				MARKETING_VERSION = 1.0;
				PRODUCT_BUNDLE_IDENTIFIER = com.i1ya.app.BlockApp;
				PRODUCT_NAME = "$(TARGET_NAME)";
				SWIFT_EMIT_LOC_STRINGS = YES;
				SWIFT_VERSION = 5.0;
				TARGETED_DEVICE_FAMILY = "1,2";
			};
			name = Release;
		};
/* End XCBuildConfiguration section */

/* Begin XCConfigurationList section */
		D03EB4BA2AC2BCFC004DE5CD /* Build configuration list for PBXProject "BlockApp" */ = {
			isa = XCConfigurationList;
			buildConfigurations = (
				D03EB4D42AC2BCFD004DE5CD /* Debug */,
				D03EB4D52AC2BCFD004DE5CD /* Release */,
			);
			defaultConfigurationIsVisible = 0;
			defaultConfigurationName = Release;
		};
		D03EB4D62AC2BCFD004DE5CD /* Build configuration list for PBXNativeTarget "BlockApp" */ = {
			isa = XCConfigurationList;
			buildConfigurations = (
				D03EB4D72AC2BCFD004DE5CD /* Debug */,
				D03EB4D82AC2BCFD004DE5CD /* Release */,
			);
			defaultConfigurationIsVisible = 0;
			defaultConfigurationName = Release;
		};
/* End XCConfigurationList section */

/* Begin XCVersionGroup section */
		D03EB4CB2AC2BCFC004DE5CD /* BlockApp.xcdatamodeld */ = {
			isa = XCVersionGroup;
			children = (
				D03EB4CC2AC2BCFC004DE5CD /* BlockApp.xcdatamodel */,
			);
			currentVersion = D03EB4CC2AC2BCFC004DE5CD /* BlockApp.xcdatamodel */;
			path = BlockApp.xcdatamodeld;
			sourceTree = "<group>";
			versionGroupType = wrapper.xcdatamodel;
		};
/* End XCVersionGroup section */
	};
	rootObject = D03EB4B72AC2BCFC004DE5CD /* Project object */;
}
